// !$*UTF8*$!
{
	archiveVersion = 1;
	classes = {
	};
	objectVersion = 77;
	objects = {

/* Begin PBXBuildFile section */
		38DECBC22CA8F13E006468C3 /* CombineMoya in Frameworks */ = {isa = PBXBuildFile; productRef = 38DECBC12CA8F13E006468C3 /* CombineMoya */; };
		38DECBC42CA8F13E006468C3 /* Moya in Frameworks */ = {isa = PBXBuildFile; productRef = 38DECBC32CA8F13E006468C3 /* Moya */; };
		38DECBC62CA8F13E006468C3 /* ReactiveMoya in Frameworks */ = {isa = PBXBuildFile; productRef = 38DECBC52CA8F13E006468C3 /* ReactiveMoya */; };
		38DECBC82CA8F13E006468C3 /* RxMoya in Frameworks */ = {isa = PBXBuildFile; productRef = 38DECBC72CA8F13E006468C3 /* RxMoya */; };
		38DECBD92CA8F21E006468C3 /* Secrets.xcconfig in Resources */ = {isa = PBXBuildFile; fileRef = 38DECBD82CA8F21E006468C3 /* Secrets.xcconfig */; };
/* End PBXBuildFile section */

/* Begin PBXContainerItemProxy section */
		38DECB9D2CA8E46D006468C3 /* PBXContainerItemProxy */ = {
			isa = PBXContainerItemProxy;
			containerPortal = 38DECB7F2CA8E46B006468C3 /* Project object */;
			proxyType = 1;
			remoteGlobalIDString = 38DECB862CA8E46B006468C3;
			remoteInfo = MusicAppClara;
		};
		38DECBA72CA8E46D006468C3 /* PBXContainerItemProxy */ = {
			isa = PBXContainerItemProxy;
			containerPortal = 38DECB7F2CA8E46B006468C3 /* Project object */;
			proxyType = 1;
			remoteGlobalIDString = 38DECB862CA8E46B006468C3;
			remoteInfo = MusicAppClara;
		};
/* End PBXContainerItemProxy section */

/* Begin PBXFileReference section */
		38DECB872CA8E46B006468C3 /* MusicAppClara.app */ = {isa = PBXFileReference; explicitFileType = wrapper.application; includeInIndex = 0; path = MusicAppClara.app; sourceTree = BUILT_PRODUCTS_DIR; };
		38DECB9C2CA8E46D006468C3 /* MusicAppClaraTests.xctest */ = {isa = PBXFileReference; explicitFileType = wrapper.cfbundle; includeInIndex = 0; path = MusicAppClaraTests.xctest; sourceTree = BUILT_PRODUCTS_DIR; };
		38DECBA62CA8E46D006468C3 /* MusicAppClaraUITests.xctest */ = {isa = PBXFileReference; explicitFileType = wrapper.cfbundle; includeInIndex = 0; path = MusicAppClaraUITests.xctest; sourceTree = BUILT_PRODUCTS_DIR; };
		38DECBD82CA8F21E006468C3 /* Secrets.xcconfig */ = {isa = PBXFileReference; lastKnownFileType = text.xcconfig; path = Secrets.xcconfig; sourceTree = "<group>"; };
/* End PBXFileReference section */

/* Begin PBXFileSystemSynchronizedBuildFileExceptionSet section */
		38DECBDB2CA8F2B9006468C3 /* Exceptions for "MusicAppClara" folder in "MusicAppClara" target */ = {
			isa = PBXFileSystemSynchronizedBuildFileExceptionSet;
			membershipExceptions = (
				Info.plist,
			);
			target = 38DECB862CA8E46B006468C3 /* MusicAppClara */;
		};
/* End PBXFileSystemSynchronizedBuildFileExceptionSet section */

/* Begin PBXFileSystemSynchronizedRootGroup section */
		38DECB892CA8E46B006468C3 /* MusicAppClara */ = {
			isa = PBXFileSystemSynchronizedRootGroup;
			exceptions = (
				38DECBDB2CA8F2B9006468C3 /* Exceptions for "MusicAppClara" folder in "MusicAppClara" target */,
			);
			path = MusicAppClara;
			sourceTree = "<group>";
		};
		38DECB9F2CA8E46D006468C3 /* MusicAppClaraTests */ = {
			isa = PBXFileSystemSynchronizedRootGroup;
			path = MusicAppClaraTests;
			sourceTree = "<group>";
		};
		38DECBA92CA8E46D006468C3 /* MusicAppClaraUITests */ = {
			isa = PBXFileSystemSynchronizedRootGroup;
			path = MusicAppClaraUITests;
			sourceTree = "<group>";
		};
/* End PBXFileSystemSynchronizedRootGroup section */

/* Begin PBXFrameworksBuildPhase section */
		38DECB842CA8E46B006468C3 /* Frameworks */ = {
			isa = PBXFrameworksBuildPhase;
			buildActionMask = 2147483647;
			files = (
				38DECBC42CA8F13E006468C3 /* Moya in Frameworks */,
				38DECBC22CA8F13E006468C3 /* CombineMoya in Frameworks */,
				38DECBC82CA8F13E006468C3 /* RxMoya in Frameworks */,
				38DECBC62CA8F13E006468C3 /* ReactiveMoya in Frameworks */,
			);
			runOnlyForDeploymentPostprocessing = 0;
		};
		38DECB992CA8E46D006468C3 /* Frameworks */ = {
			isa = PBXFrameworksBuildPhase;
			buildActionMask = 2147483647;
			files = (
			);
			runOnlyForDeploymentPostprocessing = 0;
		};
		38DECBA32CA8E46D006468C3 /* Frameworks */ = {
			isa = PBXFrameworksBuildPhase;
			buildActionMask = 2147483647;
			files = (
			);
			runOnlyForDeploymentPostprocessing = 0;
		};
/* End PBXFrameworksBuildPhase section */

/* Begin PBXGroup section */
		38DECB7E2CA8E46B006468C3 = {
			isa = PBXGroup;
			children = (
				38DECBD82CA8F21E006468C3 /* Secrets.xcconfig */,
				38DECB892CA8E46B006468C3 /* MusicAppClara */,
				38DECB9F2CA8E46D006468C3 /* MusicAppClaraTests */,
				38DECBA92CA8E46D006468C3 /* MusicAppClaraUITests */,
				38DECB882CA8E46B006468C3 /* Products */,
			);
			sourceTree = "<group>";
		};
		38DECB882CA8E46B006468C3 /* Products */ = {
			isa = PBXGroup;
			children = (
				38DECB872CA8E46B006468C3 /* MusicAppClara.app */,
				38DECB9C2CA8E46D006468C3 /* MusicAppClaraTests.xctest */,
				38DECBA62CA8E46D006468C3 /* MusicAppClaraUITests.xctest */,
			);
			name = Products;
			sourceTree = "<group>";
		};
/* End PBXGroup section */

/* Begin PBXNativeTarget section */
		38DECB862CA8E46B006468C3 /* MusicAppClara */ = {
			isa = PBXNativeTarget;
			buildConfigurationList = 38DECBB02CA8E46D006468C3 /* Build configuration list for PBXNativeTarget "MusicAppClara" */;
			buildPhases = (
				38DECB832CA8E46B006468C3 /* Sources */,
				38DECB842CA8E46B006468C3 /* Frameworks */,
				38DECB852CA8E46B006468C3 /* Resources */,
			);
			buildRules = (
			);
			dependencies = (
			);
			fileSystemSynchronizedGroups = (
				38DECB892CA8E46B006468C3 /* MusicAppClara */,
			);
			name = MusicAppClara;
			packageProductDependencies = (
				38DECBC12CA8F13E006468C3 /* CombineMoya */,
				38DECBC32CA8F13E006468C3 /* Moya */,
				38DECBC52CA8F13E006468C3 /* ReactiveMoya */,
				38DECBC72CA8F13E006468C3 /* RxMoya */,
			);
			productName = MusicAppClara;
			productReference = 38DECB872CA8E46B006468C3 /* MusicAppClara.app */;
			productType = "com.apple.product-type.application";
		};
		38DECB9B2CA8E46D006468C3 /* MusicAppClaraTests */ = {
			isa = PBXNativeTarget;
			buildConfigurationList = 38DECBB32CA8E46D006468C3 /* Build configuration list for PBXNativeTarget "MusicAppClaraTests" */;
			buildPhases = (
				38DECB982CA8E46D006468C3 /* Sources */,
				38DECB992CA8E46D006468C3 /* Frameworks */,
				38DECB9A2CA8E46D006468C3 /* Resources */,
			);
			buildRules = (
			);
			dependencies = (
				38DECB9E2CA8E46D006468C3 /* PBXTargetDependency */,
			);
			fileSystemSynchronizedGroups = (
				38DECB9F2CA8E46D006468C3 /* MusicAppClaraTests */,
			);
			name = MusicAppClaraTests;
			packageProductDependencies = (
			);
			productName = MusicAppClaraTests;
			productReference = 38DECB9C2CA8E46D006468C3 /* MusicAppClaraTests.xctest */;
			productType = "com.apple.product-type.bundle.unit-test";
		};
		38DECBA52CA8E46D006468C3 /* MusicAppClaraUITests */ = {
			isa = PBXNativeTarget;
			buildConfigurationList = 38DECBB62CA8E46D006468C3 /* Build configuration list for PBXNativeTarget "MusicAppClaraUITests" */;
			buildPhases = (
				38DECBA22CA8E46D006468C3 /* Sources */,
				38DECBA32CA8E46D006468C3 /* Frameworks */,
				38DECBA42CA8E46D006468C3 /* Resources */,
			);
			buildRules = (
			);
			dependencies = (
				38DECBA82CA8E46D006468C3 /* PBXTargetDependency */,
			);
			fileSystemSynchronizedGroups = (
				38DECBA92CA8E46D006468C3 /* MusicAppClaraUITests */,
			);
			name = MusicAppClaraUITests;
			packageProductDependencies = (
			);
			productName = MusicAppClaraUITests;
			productReference = 38DECBA62CA8E46D006468C3 /* MusicAppClaraUITests.xctest */;
			productType = "com.apple.product-type.bundle.ui-testing";
		};
/* End PBXNativeTarget section */

/* Begin PBXProject section */
		38DECB7F2CA8E46B006468C3 /* Project object */ = {
			isa = PBXProject;
			attributes = {
				BuildIndependentTargetsInParallel = 1;
				LastSwiftUpdateCheck = 1600;
				LastUpgradeCheck = 1600;
				TargetAttributes = {
					38DECB862CA8E46B006468C3 = {
						CreatedOnToolsVersion = 16.0;
					};
					38DECB9B2CA8E46D006468C3 = {
						CreatedOnToolsVersion = 16.0;
						TestTargetID = 38DECB862CA8E46B006468C3;
					};
					38DECBA52CA8E46D006468C3 = {
						CreatedOnToolsVersion = 16.0;
						TestTargetID = 38DECB862CA8E46B006468C3;
					};
				};
			};
			buildConfigurationList = 38DECB822CA8E46B006468C3 /* Build configuration list for PBXProject "MusicAppClara" */;
			developmentRegion = en;
			hasScannedForEncodings = 0;
			knownRegions = (
				en,
				Base,
			);
			mainGroup = 38DECB7E2CA8E46B006468C3;
			minimizedProjectReferenceProxies = 1;
			packageReferences = (
				38DECBC02CA8F13E006468C3 /* XCRemoteSwiftPackageReference "Moya" */,
				38DECD2B2CAA7612006468C3 /* XCRemoteSwiftPackageReference "SwiftLintPlugins" */,
			);
			preferredProjectObjectVersion = 77;
			productRefGroup = 38DECB882CA8E46B006468C3 /* Products */;
			projectDirPath = "";
			projectRoot = "";
			targets = (
				38DECB862CA8E46B006468C3 /* MusicAppClara */,
				38DECB9B2CA8E46D006468C3 /* MusicAppClaraTests */,
				38DECBA52CA8E46D006468C3 /* MusicAppClaraUITests */,
			);
		};
/* End PBXProject section */

/* Begin PBXResourcesBuildPhase section */
		38DECB852CA8E46B006468C3 /* Resources */ = {
			isa = PBXResourcesBuildPhase;
			buildActionMask = 2147483647;
			files = (
				38DECBD92CA8F21E006468C3 /* Secrets.xcconfig in Resources */,
			);
			runOnlyForDeploymentPostprocessing = 0;
		};
		38DECB9A2CA8E46D006468C3 /* Resources */ = {
			isa = PBXResourcesBuildPhase;
			buildActionMask = 2147483647;
			files = (
			);
			runOnlyForDeploymentPostprocessing = 0;
		};
		38DECBA42CA8E46D006468C3 /* Resources */ = {
			isa = PBXResourcesBuildPhase;
			buildActionMask = 2147483647;
			files = (
			);
			runOnlyForDeploymentPostprocessing = 0;
		};
/* End PBXResourcesBuildPhase section */

/* Begin PBXSourcesBuildPhase section */
		38DECB832CA8E46B006468C3 /* Sources */ = {
			isa = PBXSourcesBuildPhase;
			buildActionMask = 2147483647;
			files = (
			);
			runOnlyForDeploymentPostprocessing = 0;
		};
		38DECB982CA8E46D006468C3 /* Sources */ = {
			isa = PBXSourcesBuildPhase;
			buildActionMask = 2147483647;
			files = (
			);
			runOnlyForDeploymentPostprocessing = 0;
		};
		38DECBA22CA8E46D006468C3 /* Sources */ = {
			isa = PBXSourcesBuildPhase;
			buildActionMask = 2147483647;
			files = (
			);
			runOnlyForDeploymentPostprocessing = 0;
		};
/* End PBXSourcesBuildPhase section */

/* Begin PBXTargetDependency section */
		38DECB9E2CA8E46D006468C3 /* PBXTargetDependency */ = {
			isa = PBXTargetDependency;
			target = 38DECB862CA8E46B006468C3 /* MusicAppClara */;
			targetProxy = 38DECB9D2CA8E46D006468C3 /* PBXContainerItemProxy */;
		};
		38DECBA82CA8E46D006468C3 /* PBXTargetDependency */ = {
			isa = PBXTargetDependency;
			target = 38DECB862CA8E46B006468C3 /* MusicAppClara */;
			targetProxy = 38DECBA72CA8E46D006468C3 /* PBXContainerItemProxy */;
		};
/* End PBXTargetDependency section */

/* Begin XCBuildConfiguration section */
		38DECBAE2CA8E46D006468C3 /* Debug */ = {
			isa = XCBuildConfiguration;
			buildSettings = {
				ALWAYS_SEARCH_USER_PATHS = NO;
				ASSETCATALOG_COMPILER_GENERATE_SWIFT_ASSET_SYMBOL_EXTENSIONS = YES;
				CLANG_ANALYZER_NONNULL = YES;
				CLANG_ANALYZER_NUMBER_OBJECT_CONVERSION = YES_AGGRESSIVE;
				CLANG_CXX_LANGUAGE_STANDARD = "gnu++20";
				CLANG_ENABLE_MODULES = YES;
				CLANG_ENABLE_OBJC_ARC = YES;
				CLANG_ENABLE_OBJC_WEAK = YES;
				CLANG_WARN_BLOCK_CAPTURE_AUTORELEASING = YES;
				CLANG_WARN_BOOL_CONVERSION = YES;
				CLANG_WARN_COMMA = YES;
				CLANG_WARN_CONSTANT_CONVERSION = YES;
				CLANG_WARN_DEPRECATED_OBJC_IMPLEMENTATIONS = YES;
				CLANG_WARN_DIRECT_OBJC_ISA_USAGE = YES_ERROR;
				CLANG_WARN_DOCUMENTATION_COMMENTS = YES;
				CLANG_WARN_EMPTY_BODY = YES;
				CLANG_WARN_ENUM_CONVERSION = YES;
				CLANG_WARN_INFINITE_RECURSION = YES;
				CLANG_WARN_INT_CONVERSION = YES;
				CLANG_WARN_NON_LITERAL_NULL_CONVERSION = YES;
				CLANG_WARN_OBJC_IMPLICIT_RETAIN_SELF = YES;
				CLANG_WARN_OBJC_LITERAL_CONVERSION = YES;
				CLANG_WARN_OBJC_ROOT_CLASS = YES_ERROR;
				CLANG_WARN_QUOTED_INCLUDE_IN_FRAMEWORK_HEADER = YES;
				CLANG_WARN_RANGE_LOOP_ANALYSIS = YES;
				CLANG_WARN_STRICT_PROTOTYPES = YES;
				CLANG_WARN_SUSPICIOUS_MOVE = YES;
				CLANG_WARN_UNGUARDED_AVAILABILITY = YES_AGGRESSIVE;
				CLANG_WARN_UNREACHABLE_CODE = YES;
				CLANG_WARN__DUPLICATE_METHOD_MATCH = YES;
				COPY_PHASE_STRIP = NO;
				DEBUG_INFORMATION_FORMAT = dwarf;
				ENABLE_STRICT_OBJC_MSGSEND = YES;
				ENABLE_TESTABILITY = YES;
				ENABLE_USER_SCRIPT_SANDBOXING = YES;
				GCC_C_LANGUAGE_STANDARD = gnu17;
				GCC_DYNAMIC_NO_PIC = NO;
				GCC_NO_COMMON_BLOCKS = YES;
				GCC_OPTIMIZATION_LEVEL = 0;
				GCC_PREPROCESSOR_DEFINITIONS = (
					"DEBUG=1",
					"$(inherited)",
				);
				GCC_WARN_64_TO_32_BIT_CONVERSION = YES;
				GCC_WARN_ABOUT_RETURN_TYPE = YES_ERROR;
				GCC_WARN_UNDECLARED_SELECTOR = YES;
				GCC_WARN_UNINITIALIZED_AUTOS = YES_AGGRESSIVE;
				GCC_WARN_UNUSED_FUNCTION = YES;
				GCC_WARN_UNUSED_VARIABLE = YES;
				IPHONEOS_DEPLOYMENT_TARGET = 18.0;
				LOCALIZATION_PREFERS_STRING_CATALOGS = YES;
				MTL_ENABLE_DEBUG_INFO = INCLUDE_SOURCE;
				MTL_FAST_MATH = YES;
				ONLY_ACTIVE_ARCH = YES;
				SDKROOT = iphoneos;
				SWIFT_ACTIVE_COMPILATION_CONDITIONS = "DEBUG $(inherited)";
				SWIFT_OPTIMIZATION_LEVEL = "-Onone";
			};
			name = Debug;
		};
		38DECBAF2CA8E46D006468C3 /* Release */ = {
			isa = XCBuildConfiguration;
			buildSettings = {
				ALWAYS_SEARCH_USER_PATHS = NO;
				ASSETCATALOG_COMPILER_GENERATE_SWIFT_ASSET_SYMBOL_EXTENSIONS = YES;
				CLANG_ANALYZER_NONNULL = YES;
				CLANG_ANALYZER_NUMBER_OBJECT_CONVERSION = YES_AGGRESSIVE;
				CLANG_CXX_LANGUAGE_STANDARD = "gnu++20";
				CLANG_ENABLE_MODULES = YES;
				CLANG_ENABLE_OBJC_ARC = YES;
				CLANG_ENABLE_OBJC_WEAK = YES;
				CLANG_WARN_BLOCK_CAPTURE_AUTORELEASING = YES;
				CLANG_WARN_BOOL_CONVERSION = YES;
				CLANG_WARN_COMMA = YES;
				CLANG_WARN_CONSTANT_CONVERSION = YES;
				CLANG_WARN_DEPRECATED_OBJC_IMPLEMENTATIONS = YES;
				CLANG_WARN_DIRECT_OBJC_ISA_USAGE = YES_ERROR;
				CLANG_WARN_DOCUMENTATION_COMMENTS = YES;
				CLANG_WARN_EMPTY_BODY = YES;
				CLANG_WARN_ENUM_CONVERSION = YES;
				CLANG_WARN_INFINITE_RECURSION = YES;
				CLANG_WARN_INT_CONVERSION = YES;
				CLANG_WARN_NON_LITERAL_NULL_CONVERSION = YES;
				CLANG_WARN_OBJC_IMPLICIT_RETAIN_SELF = YES;
				CLANG_WARN_OBJC_LITERAL_CONVERSION = YES;
				CLANG_WARN_OBJC_ROOT_CLASS = YES_ERROR;
				CLANG_WARN_QUOTED_INCLUDE_IN_FRAMEWORK_HEADER = YES;
				CLANG_WARN_RANGE_LOOP_ANALYSIS = YES;
				CLANG_WARN_STRICT_PROTOTYPES = YES;
				CLANG_WARN_SUSPICIOUS_MOVE = YES;
				CLANG_WARN_UNGUARDED_AVAILABILITY = YES_AGGRESSIVE;
				CLANG_WARN_UNREACHABLE_CODE = YES;
				CLANG_WARN__DUPLICATE_METHOD_MATCH = YES;
				COPY_PHASE_STRIP = NO;
				DEBUG_INFORMATION_FORMAT = "dwarf-with-dsym";
				ENABLE_NS_ASSERTIONS = NO;
				ENABLE_STRICT_OBJC_MSGSEND = YES;
				ENABLE_USER_SCRIPT_SANDBOXING = YES;
				GCC_C_LANGUAGE_STANDARD = gnu17;
				GCC_NO_COMMON_BLOCKS = YES;
				GCC_WARN_64_TO_32_BIT_CONVERSION = YES;
				GCC_WARN_ABOUT_RETURN_TYPE = YES_ERROR;
				GCC_WARN_UNDECLARED_SELECTOR = YES;
				GCC_WARN_UNINITIALIZED_AUTOS = YES_AGGRESSIVE;
				GCC_WARN_UNUSED_FUNCTION = YES;
				GCC_WARN_UNUSED_VARIABLE = YES;
				IPHONEOS_DEPLOYMENT_TARGET = 18.0;
				LOCALIZATION_PREFERS_STRING_CATALOGS = YES;
				MTL_ENABLE_DEBUG_INFO = NO;
				MTL_FAST_MATH = YES;
				SDKROOT = iphoneos;
				SWIFT_COMPILATION_MODE = wholemodule;
				VALIDATE_PRODUCT = YES;
			};
			name = Release;
		};
		38DECBB12CA8E46D006468C3 /* Debug */ = {
			isa = XCBuildConfiguration;
			baseConfigurationReference = 38DECBD82CA8F21E006468C3 /* Secrets.xcconfig */;
			buildSettings = {
				ASSETCATALOG_COMPILER_APPICON_NAME = AppIcon;
				ASSETCATALOG_COMPILER_GLOBAL_ACCENT_COLOR_NAME = AccentColor;
				CODE_SIGN_STYLE = Automatic;
				CURRENT_PROJECT_VERSION = 1;
				DEVELOPMENT_ASSET_PATHS = "\"MusicAppClara/Preview Content\"";
				DEVELOPMENT_TEAM = LPMZ52PP6S;
				ENABLE_PREVIEWS = YES;
				GENERATE_INFOPLIST_FILE = YES;
				INFOPLIST_FILE = MusicAppClara/Info.plist;
				INFOPLIST_KEY_UIApplicationSceneManifest_Generation = YES;
				INFOPLIST_KEY_UIApplicationSupportsIndirectInputEvents = YES;
				INFOPLIST_KEY_UILaunchStoryboardName = LaunchScreen.storyboard;
				INFOPLIST_KEY_UISupportedInterfaceOrientations_iPad = "UIInterfaceOrientationPortrait UIInterfaceOrientationPortraitUpsideDown UIInterfaceOrientationLandscapeLeft UIInterfaceOrientationLandscapeRight";
				INFOPLIST_KEY_UISupportedInterfaceOrientations_iPhone = "UIInterfaceOrientationPortrait UIInterfaceOrientationLandscapeLeft UIInterfaceOrientationLandscapeRight";
				LD_RUNPATH_SEARCH_PATHS = (
					"$(inherited)",
					"@executable_path/Frameworks",
				);
				MARKETING_VERSION = 1.0;
				PRODUCT_BUNDLE_IDENTIFIER = beyondinfinity.pro.musicAppClara;
				PRODUCT_NAME = "$(TARGET_NAME)";
				SWIFT_EMIT_LOC_STRINGS = YES;
				SWIFT_VERSION = 5.0;
				TARGETED_DEVICE_FAMILY = "1,2";
			};
			name = Debug;
		};
		38DECBB22CA8E46D006468C3 /* Release */ = {
			isa = XCBuildConfiguration;
			baseConfigurationReference = 38DECBD82CA8F21E006468C3 /* Secrets.xcconfig */;
			buildSettings = {
				ASSETCATALOG_COMPILER_APPICON_NAME = AppIcon;
				ASSETCATALOG_COMPILER_GLOBAL_ACCENT_COLOR_NAME = AccentColor;
				CODE_SIGN_STYLE = Automatic;
				CURRENT_PROJECT_VERSION = 1;
				DEVELOPMENT_ASSET_PATHS = "\"MusicAppClara/Preview Content\"";
				DEVELOPMENT_TEAM = LPMZ52PP6S;
				ENABLE_PREVIEWS = YES;
				GENERATE_INFOPLIST_FILE = YES;
				INFOPLIST_FILE = MusicAppClara/Info.plist;
				INFOPLIST_KEY_UIApplicationSceneManifest_Generation = YES;
				INFOPLIST_KEY_UIApplicationSupportsIndirectInputEvents = YES;
				INFOPLIST_KEY_UILaunchStoryboardName = LaunchScreen.storyboard;
				INFOPLIST_KEY_UISupportedInterfaceOrientations_iPad = "UIInterfaceOrientationPortrait UIInterfaceOrientationPortraitUpsideDown UIInterfaceOrientationLandscapeLeft UIInterfaceOrientationLandscapeRight";
				INFOPLIST_KEY_UISupportedInterfaceOrientations_iPhone = "UIInterfaceOrientationPortrait UIInterfaceOrientationLandscapeLeft UIInterfaceOrientationLandscapeRight";
				LD_RUNPATH_SEARCH_PATHS = (
					"$(inherited)",
					"@executable_path/Frameworks",
				);
				MARKETING_VERSION = 1.0;
				PRODUCT_BUNDLE_IDENTIFIER = beyondinfinity.pro.musicAppClara;
				PRODUCT_NAME = "$(TARGET_NAME)";
				SWIFT_EMIT_LOC_STRINGS = YES;
				SWIFT_VERSION = 5.0;
				TARGETED_DEVICE_FAMILY = "1,2";
			};
			name = Release;
		};
		38DECBB42CA8E46D006468C3 /* Debug */ = {
			isa = XCBuildConfiguration;
			buildSettings = {
				BUNDLE_LOADER = "$(TEST_HOST)";
				CODE_SIGN_STYLE = Automatic;
				CURRENT_PROJECT_VERSION = 1;
				DEVELOPMENT_TEAM = LPMZ52PP6S;
				GENERATE_INFOPLIST_FILE = YES;
				IPHONEOS_DEPLOYMENT_TARGET = 18.0;
				MARKETING_VERSION = 1.0;
				PRODUCT_BUNDLE_IDENTIFIER = beyondinfinity.pro.MusicAppClaraTests;
				PRODUCT_NAME = "$(TARGET_NAME)";
				SWIFT_EMIT_LOC_STRINGS = NO;
				SWIFT_VERSION = 5.0;
				TARGETED_DEVICE_FAMILY = "1,2";
				TEST_HOST = "$(BUILT_PRODUCTS_DIR)/MusicAppClara.app/$(BUNDLE_EXECUTABLE_FOLDER_PATH)/MusicAppClara";
			};
			name = Debug;
		};
		38DECBB52CA8E46D006468C3 /* Release */ = {
			isa = XCBuildConfiguration;
			buildSettings = {
				BUNDLE_LOADER = "$(TEST_HOST)";
				CODE_SIGN_STYLE = Automatic;
				CURRENT_PROJECT_VERSION = 1;
				DEVELOPMENT_TEAM = LPMZ52PP6S;
				GENERATE_INFOPLIST_FILE = YES;
				IPHONEOS_DEPLOYMENT_TARGET = 18.0;
				MARKETING_VERSION = 1.0;
				PRODUCT_BUNDLE_IDENTIFIER = beyondinfinity.pro.MusicAppClaraTests;
				PRODUCT_NAME = "$(TARGET_NAME)";
				SWIFT_EMIT_LOC_STRINGS = NO;
				SWIFT_VERSION = 5.0;
				TARGETED_DEVICE_FAMILY = "1,2";
				TEST_HOST = "$(BUILT_PRODUCTS_DIR)/MusicAppClara.app/$(BUNDLE_EXECUTABLE_FOLDER_PATH)/MusicAppClara";
			};
			name = Release;
		};
		38DECBB72CA8E46D006468C3 /* Debug */ = {
			isa = XCBuildConfiguration;
			buildSettings = {
				CODE_SIGN_STYLE = Automatic;
				CURRENT_PROJECT_VERSION = 1;
				DEVELOPMENT_TEAM = LPMZ52PP6S;
				GENERATE_INFOPLIST_FILE = YES;
				MARKETING_VERSION = 1.0;
				PRODUCT_BUNDLE_IDENTIFIER = beyondinfinity.pro.MusicAppClaraUITests;
				PRODUCT_NAME = "$(TARGET_NAME)";
				SWIFT_EMIT_LOC_STRINGS = NO;
				SWIFT_VERSION = 5.0;
				TARGETED_DEVICE_FAMILY = "1,2";
				TEST_TARGET_NAME = MusicAppClara;
			};
			name = Debug;
		};
		38DECBB82CA8E46D006468C3 /* Release */ = {
			isa = XCBuildConfiguration;
			buildSettings = {
				CODE_SIGN_STYLE = Automatic;
				CURRENT_PROJECT_VERSION = 1;
				DEVELOPMENT_TEAM = LPMZ52PP6S;
				GENERATE_INFOPLIST_FILE = YES;
				MARKETING_VERSION = 1.0;
				PRODUCT_BUNDLE_IDENTIFIER = beyondinfinity.pro.MusicAppClaraUITests;
				PRODUCT_NAME = "$(TARGET_NAME)";
				SWIFT_EMIT_LOC_STRINGS = NO;
				SWIFT_VERSION = 5.0;
				TARGETED_DEVICE_FAMILY = "1,2";
				TEST_TARGET_NAME = MusicAppClara;
			};
			name = Release;
		};
/* End XCBuildConfiguration section */

/* Begin XCConfigurationList section */
		38DECB822CA8E46B006468C3 /* Build configuration list for PBXProject "MusicAppClara" */ = {
			isa = XCConfigurationList;
			buildConfigurations = (
				38DECBAE2CA8E46D006468C3 /* Debug */,
				38DECBAF2CA8E46D006468C3 /* Release */,
			);
			defaultConfigurationIsVisible = 0;
			defaultConfigurationName = Release;
		};
		38DECBB02CA8E46D006468C3 /* Build configuration list for PBXNativeTarget "MusicAppClara" */ = {
			isa = XCConfigurationList;
			buildConfigurations = (
				38DECBB12CA8E46D006468C3 /* Debug */,
				38DECBB22CA8E46D006468C3 /* Release */,
			);
			defaultConfigurationIsVisible = 0;
			defaultConfigurationName = Release;
		};
		38DECBB32CA8E46D006468C3 /* Build configuration list for PBXNativeTarget "MusicAppClaraTests" */ = {
			isa = XCConfigurationList;
			buildConfigurations = (
				38DECBB42CA8E46D006468C3 /* Debug */,
				38DECBB52CA8E46D006468C3 /* Release */,
			);
			defaultConfigurationIsVisible = 0;
			defaultConfigurationName = Release;
		};
		38DECBB62CA8E46D006468C3 /* Build configuration list for PBXNativeTarget "MusicAppClaraUITests" */ = {
			isa = XCConfigurationList;
			buildConfigurations = (
				38DECBB72CA8E46D006468C3 /* Debug */,
				38DECBB82CA8E46D006468C3 /* Release */,
			);
			defaultConfigurationIsVisible = 0;
			defaultConfigurationName = Release;
		};
/* End XCConfigurationList section */

/* Begin XCRemoteSwiftPackageReference section */
		38DECBC02CA8F13E006468C3 /* XCRemoteSwiftPackageReference "Moya" */ = {
			isa = XCRemoteSwiftPackageReference;
			repositoryURL = "https://github.com/Moya/Moya.git";
			requirement = {
				kind = upToNextMajorVersion;
				minimumVersion = 15.0.3;
			};
		};
		38DECD2B2CAA7612006468C3 /* XCRemoteSwiftPackageReference "SwiftLintPlugins" */ = {
			isa = XCRemoteSwiftPackageReference;
			repositoryURL = "https://github.com/SimplyDanny/SwiftLintPlugins";
			requirement = {
				kind = upToNextMajorVersion;
				minimumVersion = 0.57.0;
			};
		};
/* End XCRemoteSwiftPackageReference section */

/* Begin XCSwiftPackageProductDependency section */
		38DECBC12CA8F13E006468C3 /* CombineMoya */ = {
			isa = XCSwiftPackageProductDependency;
			package = 38DECBC02CA8F13E006468C3 /* XCRemoteSwiftPackageReference "Moya" */;
			productName = CombineMoya;
		};
		38DECBC32CA8F13E006468C3 /* Moya */ = {
			isa = XCSwiftPackageProductDependency;
			package = 38DECBC02CA8F13E006468C3 /* XCRemoteSwiftPackageReference "Moya" */;
			productName = Moya;
		};
		38DECBC52CA8F13E006468C3 /* ReactiveMoya */ = {
			isa = XCSwiftPackageProductDependency;
			package = 38DECBC02CA8F13E006468C3 /* XCRemoteSwiftPackageReference "Moya" */;
			productName = ReactiveMoya;
		};
		38DECBC72CA8F13E006468C3 /* RxMoya */ = {
			isa = XCSwiftPackageProductDependency;
			package = 38DECBC02CA8F13E006468C3 /* XCRemoteSwiftPackageReference "Moya" */;
			productName = RxMoya;
		};
/* End XCSwiftPackageProductDependency section */
	};
	rootObject = 38DECB7F2CA8E46B006468C3 /* Project object */;
}
